{
  "version": 4,
  "terraform_version": "1.3.9",
  "serial": 32,
  "lineage": "d9d99b51-cbdc-4252-d28f-f201f5844936",
  "outputs": {},
  "resources": [
    {
      "module": "module.cloud_run_service",
      "mode": "managed",
      "type": "google_service_account",
      "name": "cloud_run_service_account",
      "provider": "provider[\"registry.terraform.io/hashicorp/google\"]",
      "instances": [
        {
          "schema_version": 0,
          "attributes": {
            "account_id": "iac-api-svc",
            "description": "",
            "disabled": false,
            "display_name": "iac-api service account",
            "email": "iac-api-svc@iac-api-379410.iam.gserviceaccount.com",
            "id": "projects/iac-api-379410/serviceAccounts/iac-api-svc@iac-api-379410.iam.gserviceaccount.com",
            "member": "serviceAccount:iac-api-svc@iac-api-379410.iam.gserviceaccount.com",
            "name": "projects/iac-api-379410/serviceAccounts/iac-api-svc@iac-api-379410.iam.gserviceaccount.com",
            "project": "iac-api-379410",
            "timeouts": null,
            "unique_id": "110594627770205195538"
          },
          "sensitive_attributes": [],
          "private": "eyJlMmJmYjczMC1lY2FhLTExZTYtOGY4OC0zNDM2M2JjN2M0YzAiOnsiY3JlYXRlIjozMDAwMDAwMDAwMDB9fQ==",
          "create_before_destroy": true
        }
      ]
    }
  ],
  "check_results": null
}
